
Microsoft Visual Studio Solution File, Format Version 12.00
# Visual Studio 15
VisualStudioVersion = 15.0.28307.438
MinimumVisualStudioVersion = 10.0.40219.1
Project("{8BC9CEB8-8B4A-11D0-8D11-00A0C91BC942}") = "text_2019_5_21_day11", "text_2019_5_21_day11\text_2019_5_21_day11.vcxproj", "{B81A5898-AE09-467F-AEFE-1F430977A187}"
EndProject
Global
	GlobalSection(SolutionConfigurationPlatforms) = preSolution
		Debug|x64 = Debug|x64
		Debug|x86 = Debug|x86
		Release|x64 = Release|x64
		Release|x86 = Release|x86
	EndGlobalSection
	GlobalSection(ProjectConfigurationPlatforms) = postSolution
		{B81A5898-AE09-467F-AEFE-1F430977A187}.Debug|x64.ActiveCfg = Debug|x64
		{B81A5898-AE09-467F-AEFE-1F430977A187}.Debug|x64.Build.0 = Debug|x64
		{B81A5898-AE09-467F-AEFE-1F430977A187}.Debug|x86.ActiveCfg = Debug|Win32
		{B81A5898-AE09-467F-AEFE-1F430977A187}.Debug|x86.Build.0 = Debug|Win32
		{B81A5898-AE09-467F-AEFE-1F430977A187}.Release|x64.ActiveCfg = Release|x64
		{B81A5898-AE09-467F-AEFE-1F430977A187}.Release|x64.Build.0 = Release|x64
		{B81A5898-AE09-467F-AEFE-1F430977A187}.Release|x86.ActiveCfg = Release|Win32
		{B81A5898-AE09-467F-AEFE-1F430977A187}.Release|x86.Build.0 = Release|Win32
	EndGlobalSection
	GlobalSection(SolutionProperties) = preSolution
		HideSolutionNode = FALSE
	EndGlobalSection
	GlobalSection(ExtensibilityGlobals) = postSolution
		SolutionGuid = {DF468800-A7FE-4A08-A8C2-F3DA879FC67D}
	EndGlobalSection
EndGlobal
